
Microsoft Visual Studio Solution File, Format Version 12.00
# Visual Studio Version 17
VisualStudioVersion = 17.14.36429.23
MinimumVisualStudioVersion = 10.0.40219.1
Project("{2150E333-8FDC-42A3-9474-1A3956D46DE8}") = "Task0", "Task0", "{02EA681E-C7D8-13C7-8484-4AC65E1B71E8}"
EndProject
Project("{FAE04EC0-301F-11D3-BF4B-00C04F79EFBC}") = "Tyuiu.KruchininEP.Sprint0.Task0.V0", "Tyuiu.KruchininEP.Sprint0.Task0.V0\Tyuiu.KruchininEP.Sprint0.Task0.V0.csproj", "{FFD937C7-DB94-4C37-A8AA-ACDC49C78A99}"
EndProject
Project("{2150E333-8FDC-42A3-9474-1A3956D46DE8}") = "Task1", "Task1", "{3BC9E3E6-7831-40A4-B339-6BE6EC789F81}"
EndProject
Project("{FAE04EC0-301F-11D3-BF4B-00C04F79EFBC}") = "Tyuiu.KruchininEP.Sprint0.Task1.V0", "Tyuiu.KruchininEP.Sprint0.Task1.V0\Tyuiu.KruchininEP.Sprint0.Task1.V0.csproj", "{AA72D18F-2B5F-4FDC-992C-87BDE7EB79E4}"
EndProject
Project("{2150E333-8FDC-42A3-9474-1A3956D46DE8}") = "Task2", "Task2", "{1EC4A9CE-E12D-434B-9F70-904A28EDB33B}"
EndProject
Project("{FAE04EC0-301F-11D3-BF4B-00C04F79EFBC}") = "Tyuiu.KruchininEP.Sprint0.Task2.V0", "Tyuiu.KruchininEP.Sprint0.Task2.V0\Tyuiu.KruchininEP.Sprint0.Task2.V0.csproj", "{92E69367-5CD6-4474-89D7-4FEC0332E788}"
EndProject
Project("{FAE04EC0-301F-11D3-BF4B-00C04F79EFBC}") = "Tyuiu.KruchininEP.Sprint0.Task2.V0.Lib", "Tyuiu.KruchininEP.Sprint0.Task2.V0.Lib\Tyuiu.KruchininEP.Sprint0.Task2.V0.Lib.csproj", "{06932538-074B-4D44-8E16-5040AA7612A9}"
EndProject
Project("{FAE04EC0-301F-11D3-BF4B-00C04F79EFBC}") = "Tyuiu.KruchininEP.Sprint0.Task2.V0.Test", "Tyuiu.KruchininEP.Sprint0.Task2.V0.Test\Tyuiu.KruchininEP.Sprint0.Task2.V0.Test.csproj", "{AF18827D-8C26-46E2-BCE8-01CDCA545F17}"
EndProject
Project("{2150E333-8FDC-42A3-9474-1A3956D46DE8}") = "Task3", "Task3", "{6CEC1917-843F-4BBA-A58D-3E5529CAC727}"
EndProject
Project("{FAE04EC0-301F-11D3-BF4B-00C04F79EFBC}") = "Tyuiu.KruchininEP.Sprint0.Task3.V0", "Tyuiu.KruchininEP.Sprint0.Task3.V0\Tyuiu.KruchininEP.Sprint0.Task3.V0.csproj", "{B6102D2E-448E-4EE8-97A5-04BB1FE437E8}"
EndProject
Project("{FAE04EC0-301F-11D3-BF4B-00C04F79EFBC}") = "Tyuiu.KruchininEP.Sprint0.Task3.V0.Lib", "Tyuiu.SpirinIS.Sprint0.Task3.V0.Lib\Tyuiu.KruchininEP.Sprint0.Task3.V0.Lib.csproj", "{4B0879E0-8C00-4E4E-9A39-00448D2877E4}"
EndProject
Project("{FAE04EC0-301F-11D3-BF4B-00C04F79EFBC}") = "Tyuiu.KruchininEP.Sprint0.Task3.V0.Test", "Tyuiu.KruchininEP.Sprint0.Task3.V0.Test\Tyuiu.KruchininEP.Sprint0.Task3.V0.Test.csproj", "{188C9C1D-DB3F-423B-9667-7F5E0C02F486}"
EndProject
Project("{2150E333-8FDC-42A3-9474-1A3956D46DE8}") = "Task4", "Task4", "{9BA98F3A-97C8-4963-A957-DA978CC01A16}"
EndProject
Project("{FAE04EC0-301F-11D3-BF4B-00C04F79EFBC}") = "Tyuiu.KruchininEP.Sprint0.Task4.V0", "Tyuiu.KruchininEP.Sprint0.Task4.V0\Tyuiu.KruchininEP.Sprint0.Task4.V0.csproj", "{2E139D96-D49F-4944-8D61-C1A8254E26CB}"
EndProject
Project("{FAE04EC0-301F-11D3-BF4B-00C04F79EFBC}") = "Tyuiu.KruchininEP.Sprint0.Task4.V0.Lib", "Tyuiu.KruchininEP.Sprint0.Task4.V0.Lib\Tyuiu.KruchininEP.Sprint0.Task4.V0.Lib.csproj", "{0D5A9333-E183-4250-99C8-E9591FCED224}"
EndProject
Project("{FAE04EC0-301F-11D3-BF4B-00C04F79EFBC}") = "Tyuiu.KruchininEP.Sprint0.Task4.V0.Test", "Tyuiu.KruchininEP.Sprint0.Task4.V0.Test\Tyuiu.KruchininEP.Sprint0.Task4.V0.Test.csproj", "{D1BD96F3-8FAD-46C3-9963-19D51199E17E}"
EndProject
Project("{2150E333-8FDC-42A3-9474-1A3956D46DE8}") = "Task5", "Task5", "{A5D616B6-FC5E-4463-81F5-D460C2C65BA3}"
EndProject
Project("{FAE04EC0-301F-11D3-BF4B-00C04F79EFBC}") = "Tyuiu.KruchininEP.Sprint0.Task5.V0", "Tyuiu.KruchininEP.Sprint0.Task5.V0\Tyuiu.KruchininEP.Sprint0.Task5.V0.csproj", "{5446A55C-27D3-4D0E-8BD9-93B1364A9EB8}"
EndProject
Project("{FAE04EC0-301F-11D3-BF4B-00C04F79EFBC}") = "Tyuiu.KruchininEP.Sprint0.Task5.V0.Lib", "Tyuiu.KruchininEP.Sprint0.Task5.V0.Lib\Tyuiu.KruchininEP.Sprint0.Task5.V0.Lib.csproj", "{D84C20ED-2AF3-4FCB-B066-04022E30809B}"
EndProject
Project("{FAE04EC0-301F-11D3-BF4B-00C04F79EFBC}") = "Tyuiu.KruchininEP.Sprint0.Task5.V0.Test", "Tyuiu.KruchininEP.Sprint0.Task5.V0.Test\Tyuiu.KruchininEP.Sprint0.Task5.V0.Test.csproj", "{7B60322D-180B-4272-9980-36869D829224}"
EndProject
Global
	GlobalSection(SolutionConfigurationPlatforms) = preSolution
		Debug|Any CPU = Debug|Any CPU
		Release|Any CPU = Release|Any CPU
	EndGlobalSection
	GlobalSection(ProjectConfigurationPlatforms) = postSolution
		{FFD937C7-DB94-4C37-A8AA-ACDC49C78A99}.Debug|Any CPU.ActiveCfg = Debug|Any CPU
		{FFD937C7-DB94-4C37-A8AA-ACDC49C78A99}.Debug|Any CPU.Build.0 = Debug|Any CPU
		{FFD937C7-DB94-4C37-A8AA-ACDC49C78A99}.Release|Any CPU.ActiveCfg = Release|Any CPU
		{FFD937C7-DB94-4C37-A8AA-ACDC49C78A99}.Release|Any CPU.Build.0 = Release|Any CPU
		{AA72D18F-2B5F-4FDC-992C-87BDE7EB79E4}.Debug|Any CPU.ActiveCfg = Debug|Any CPU
		{AA72D18F-2B5F-4FDC-992C-87BDE7EB79E4}.Debug|Any CPU.Build.0 = Debug|Any CPU
		{AA72D18F-2B5F-4FDC-992C-87BDE7EB79E4}.Release|Any CPU.ActiveCfg = Release|Any CPU
		{AA72D18F-2B5F-4FDC-992C-87BDE7EB79E4}.Release|Any CPU.Build.0 = Release|Any CPU
		{92E69367-5CD6-4474-89D7-4FEC0332E788}.Debug|Any CPU.ActiveCfg = Debug|Any CPU
		{92E69367-5CD6-4474-89D7-4FEC0332E788}.Debug|Any CPU.Build.0 = Debug|Any CPU
		{92E69367-5CD6-4474-89D7-4FEC0332E788}.Release|Any CPU.ActiveCfg = Release|Any CPU
		{92E69367-5CD6-4474-89D7-4FEC0332E788}.Release|Any CPU.Build.0 = Release|Any CPU
		{06932538-074B-4D44-8E16-5040AA7612A9}.Debug|Any CPU.ActiveCfg = Debug|Any CPU
		{06932538-074B-4D44-8E16-5040AA7612A9}.Debug|Any CPU.Build.0 = Debug|Any CPU
		{06932538-074B-4D44-8E16-5040AA7612A9}.Release|Any CPU.ActiveCfg = Release|Any CPU
		{06932538-074B-4D44-8E16-5040AA7612A9}.Release|Any CPU.Build.0 = Release|Any CPU
		{AF18827D-8C26-46E2-BCE8-01CDCA545F17}.Debug|Any CPU.ActiveCfg = Debug|Any CPU
		{AF18827D-8C26-46E2-BCE8-01CDCA545F17}.Debug|Any CPU.Build.0 = Debug|Any CPU
		{AF18827D-8C26-46E2-BCE8-01CDCA545F17}.Release|Any CPU.ActiveCfg = Release|Any CPU
		{AF18827D-8C26-46E2-BCE8-01CDCA545F17}.Release|Any CPU.Build.0 = Release|Any CPU
		{B6102D2E-448E-4EE8-97A5-04BB1FE437E8}.Debug|Any CPU.ActiveCfg = Debug|Any CPU
		{B6102D2E-448E-4EE8-97A5-04BB1FE437E8}.Debug|Any CPU.Build.0 = Debug|Any CPU
		{B6102D2E-448E-4EE8-97A5-04BB1FE437E8}.Release|Any CPU.ActiveCfg = Release|Any CPU
		{B6102D2E-448E-4EE8-97A5-04BB1FE437E8}.Release|Any CPU.Build.0 = Release|Any CPU
		{4B0879E0-8C00-4E4E-9A39-00448D2877E4}.Debug|Any CPU.ActiveCfg = Debug|Any CPU
		{4B0879E0-8C00-4E4E-9A39-00448D2877E4}.Debug|Any CPU.Build.0 = Debug|Any CPU
		{4B0879E0-8C00-4E4E-9A39-00448D2877E4}.Release|Any CPU.ActiveCfg = Release|Any CPU
		{4B0879E0-8C00-4E4E-9A39-00448D2877E4}.Release|Any CPU.Build.0 = Release|Any CPU
		{188C9C1D-DB3F-423B-9667-7F5E0C02F486}.Debug|Any CPU.ActiveCfg = Debug|Any CPU
		{188C9C1D-DB3F-423B-9667-7F5E0C02F486}.Debug|Any CPU.Build.0 = Debug|Any CPU
		{188C9C1D-DB3F-423B-9667-7F5E0C02F486}.Release|Any CPU.ActiveCfg = Release|Any CPU
		{188C9C1D-DB3F-423B-9667-7F5E0C02F486}.Release|Any CPU.Build.0 = Release|Any CPU
		{2E139D96-D49F-4944-8D61-C1A8254E26CB}.Debug|Any CPU.ActiveCfg = Debug|Any CPU
		{2E139D96-D49F-4944-8D61-C1A8254E26CB}.Debug|Any CPU.Build.0 = Debug|Any CPU
		{2E139D96-D49F-4944-8D61-C1A8254E26CB}.Release|Any CPU.ActiveCfg = Release|Any CPU
		{2E139D96-D49F-4944-8D61-C1A8254E26CB}.Release|Any CPU.Build.0 = Release|Any CPU
		{0D5A9333-E183-4250-99C8-E9591FCED224}.Debug|Any CPU.ActiveCfg = Debug|Any CPU
		{0D5A9333-E183-4250-99C8-E9591FCED224}.Debug|Any CPU.Build.0 = Debug|Any CPU
		{0D5A9333-E183-4250-99C8-E9591FCED224}.Release|Any CPU.ActiveCfg = Release|Any CPU
		{0D5A9333-E183-4250-99C8-E9591FCED224}.Release|Any CPU.Build.0 = Release|Any CPU
		{D1BD96F3-8FAD-46C3-9963-19D51199E17E}.Debug|Any CPU.ActiveCfg = Debug|Any CPU
		{D1BD96F3-8FAD-46C3-9963-19D51199E17E}.Debug|Any CPU.Build.0 = Debug|Any CPU
		{D1BD96F3-8FAD-46C3-9963-19D51199E17E}.Release|Any CPU.ActiveCfg = Release|Any CPU
		{D1BD96F3-8FAD-46C3-9963-19D51199E17E}.Release|Any CPU.Build.0 = Release|Any CPU
		{5446A55C-27D3-4D0E-8BD9-93B1364A9EB8}.Debug|Any CPU.ActiveCfg = Debug|Any CPU
		{5446A55C-27D3-4D0E-8BD9-93B1364A9EB8}.Debug|Any CPU.Build.0 = Debug|Any CPU
		{5446A55C-27D3-4D0E-8BD9-93B1364A9EB8}.Release|Any CPU.ActiveCfg = Release|Any CPU
		{5446A55C-27D3-4D0E-8BD9-93B1364A9EB8}.Release|Any CPU.Build.0 = Release|Any CPU
		{D84C20ED-2AF3-4FCB-B066-04022E30809B}.Debug|Any CPU.ActiveCfg = Debug|Any CPU
		{D84C20ED-2AF3-4FCB-B066-04022E30809B}.Debug|Any CPU.Build.0 = Debug|Any CPU
		{D84C20ED-2AF3-4FCB-B066-04022E30809B}.Release|Any CPU.ActiveCfg = Release|Any CPU
		{D84C20ED-2AF3-4FCB-B066-04022E30809B}.Release|Any CPU.Build.0 = Release|Any CPU
		{7B60322D-180B-4272-9980-36869D829224}.Debug|Any CPU.ActiveCfg = Debug|Any CPU
		{7B60322D-180B-4272-9980-36869D829224}.Debug|Any CPU.Build.0 = Debug|Any CPU
		{7B60322D-180B-4272-9980-36869D829224}.Release|Any CPU.ActiveCfg = Release|Any CPU
		{7B60322D-180B-4272-9980-36869D829224}.Release|Any CPU.Build.0 = Release|Any CPU
	EndGlobalSection
	GlobalSection(SolutionProperties) = preSolution
		HideSolutionNode = FALSE
	EndGlobalSection
	GlobalSection(NestedProjects) = preSolution
		{FFD937C7-DB94-4C37-A8AA-ACDC49C78A99} = {02EA681E-C7D8-13C7-8484-4AC65E1B71E8}
		{AA72D18F-2B5F-4FDC-992C-87BDE7EB79E4} = {3BC9E3E6-7831-40A4-B339-6BE6EC789F81}
		{92E69367-5CD6-4474-89D7-4FEC0332E788} = {1EC4A9CE-E12D-434B-9F70-904A28EDB33B}
		{06932538-074B-4D44-8E16-5040AA7612A9} = {1EC4A9CE-E12D-434B-9F70-904A28EDB33B}
		{AF18827D-8C26-46E2-BCE8-01CDCA545F17} = {1EC4A9CE-E12D-434B-9F70-904A28EDB33B}
		{B6102D2E-448E-4EE8-97A5-04BB1FE437E8} = {6CEC1917-843F-4BBA-A58D-3E5529CAC727}
		{4B0879E0-8C00-4E4E-9A39-00448D2877E4} = {6CEC1917-843F-4BBA-A58D-3E5529CAC727}
		{188C9C1D-DB3F-423B-9667-7F5E0C02F486} = {6CEC1917-843F-4BBA-A58D-3E5529CAC727}
		{2E139D96-D49F-4944-8D61-C1A8254E26CB} = {9BA98F3A-97C8-4963-A957-DA978CC01A16}
		{0D5A9333-E183-4250-99C8-E9591FCED224} = {9BA98F3A-97C8-4963-A957-DA978CC01A16}
		{D1BD96F3-8FAD-46C3-9963-19D51199E17E} = {9BA98F3A-97C8-4963-A957-DA978CC01A16}
		{5446A55C-27D3-4D0E-8BD9-93B1364A9EB8} = {A5D616B6-FC5E-4463-81F5-D460C2C65BA3}
		{D84C20ED-2AF3-4FCB-B066-04022E30809B} = {A5D616B6-FC5E-4463-81F5-D460C2C65BA3}
		{7B60322D-180B-4272-9980-36869D829224} = {A5D616B6-FC5E-4463-81F5-D460C2C65BA3}
	EndGlobalSection
	GlobalSection(ExtensibilityGlobals) = postSolution
		SolutionGuid = {5F14AF30-321C-4FA6-8250-6CC0543FB27D}
	EndGlobalSection
EndGlobal
